
Microsoft Visual Studio Solution File, Format Version 12.00
# Visual Studio Version 16
VisualStudioVersion = 16.0.31129.286
MinimumVisualStudioVersion = 10.0.40219.1
Project("{9A19103F-16F7-4668-BE54-9A1E7A4F7556}") = "BookList_Razor", "BookList_Razor\BookList_Razor.csproj", "{7B58FB05-22CA-44AD-9A3A-3B7A6DE5711F}"
EndProject
Global
	GlobalSection(SolutionConfigurationPlatforms) = preSolution
		Debug|Any CPU = Debug|Any CPU
		Release|Any CPU = Release|Any CPU
	EndGlobalSection
	GlobalSection(ProjectConfigurationPlatforms) = postSolution
		{7B58FB05-22CA-44AD-9A3A-3B7A6DE5711F}.Debug|Any CPU.ActiveCfg = Debug|Any CPU
		{7B58FB05-22CA-44AD-9A3A-3B7A6DE5711F}.Debug|Any CPU.Build.0 = Debug|Any CPU
		{7B58FB05-22CA-44AD-9A3A-3B7A6DE5711F}.Release|Any CPU.ActiveCfg = Release|Any CPU
		{7B58FB05-22CA-44AD-9A3A-3B7A6DE5711F}.Release|Any CPU.Build.0 = Release|Any CPU
	EndGlobalSection
	GlobalSection(SolutionProperties) = preSolution
		HideSolutionNode = FALSE
	EndGlobalSection
	GlobalSection(ExtensibilityGlobals) = postSolution
		SolutionGuid = {A9FFEF4C-468A-42A5-8BD3-054B3D99AEFC}
	EndGlobalSection
EndGlobal
